
Microsoft Visual Studio Solution File, Format Version 12.00
# Visual Studio Version 16
VisualStudioVersion = 16.0.31025.194
MinimumVisualStudioVersion = 10.0.40219.1
Project("{FAE04EC0-301F-11D3-BF4B-00C04F79EFBC}") = "ReplaceStringWithInteger", "ReplaceStringWithInteger\ReplaceStringWithInteger.csproj", "{350F9835-D988-4276-83AB-EE761FDC4E65}"
EndProject
Global
	GlobalSection(SolutionConfigurationPlatforms) = preSolution
		Debug|Any CPU = Debug|Any CPU
		Release|Any CPU = Release|Any CPU
	EndGlobalSection
	GlobalSection(ProjectConfigurationPlatforms) = postSolution
		{350F9835-D988-4276-83AB-EE761FDC4E65}.Debug|Any CPU.ActiveCfg = Debug|Any CPU
		{350F9835-D988-4276-83AB-EE761FDC4E65}.Debug|Any CPU.Build.0 = Debug|Any CPU
		{350F9835-D988-4276-83AB-EE761FDC4E65}.Release|Any CPU.ActiveCfg = Release|Any CPU
		{350F9835-D988-4276-83AB-EE761FDC4E65}.Release|Any CPU.Build.0 = Release|Any CPU
	EndGlobalSection
	GlobalSection(SolutionProperties) = preSolution
		HideSolutionNode = FALSE
	EndGlobalSection
	GlobalSection(ExtensibilityGlobals) = postSolution
		SolutionGuid = {0A38ADD6-9542-46A0-8511-03772D2A251A}
	EndGlobalSection
EndGlobal
